// !$*UTF8*$!
{
	archiveVersion = 1;
	classes = {
	};
	objectVersion = 46;
	objects = {

/* Begin PBXBuildFile section */
		BCE78FB31E69130B00491348 /* AppDelegate.swift in Sources */ = {isa = PBXBuildFile; fileRef = BCE78FB21E69130B00491348 /* AppDelegate.swift */; };
		BCE78FB51E69130B00491348 /* ViewController.swift in Sources */ = {isa = PBXBuildFile; fileRef = BCE78FB41E69130B00491348 /* ViewController.swift */; };
		BCE78FB81E69130B00491348 /* Main.storyboard in Resources */ = {isa = PBXBuildFile; fileRef = BCE78FB61E69130B00491348 /* Main.storyboard */; };
		BCE78FBB1E69130B00491348 /* Core_Data.xcdatamodeld in Sources */ = {isa = PBXBuildFile; fileRef = BCE78FB91E69130B00491348 /* Core_Data.xcdatamodeld */; };
		BCE78FBD1E69130B00491348 /* Assets.xcassets in Resources */ = {isa = PBXBuildFile; fileRef = BCE78FBC1E69130B00491348 /* Assets.xcassets */; };
		BCE78FC01E69130B00491348 /* LaunchScreen.storyboard in Resources */ = {isa = PBXBuildFile; fileRef = BCE78FBE1E69130B00491348 /* LaunchScreen.storyboard */; };
		BCE78FC81E691DFC00491348 /* TableViewController.swift in Sources */ = {isa = PBXBuildFile; fileRef = BCE78FC71E691DFC00491348 /* TableViewController.swift */; };
		BCE78FCA1E69238D00491348 /* TableViewCell.swift in Sources */ = {isa = PBXBuildFile; fileRef = BCE78FC91E69238D00491348 /* TableViewCell.swift */; };
/* End PBXBuildFile section */

/* Begin PBXFileReference section */
		BCE78FAF1E69130B00491348 /* Core Data.app */ = {isa = PBXFileReference; explicitFileType = wrapper.application; includeInIndex = 0; path = "Core Data.app"; sourceTree = BUILT_PRODUCTS_DIR; };
		BCE78FB21E69130B00491348 /* AppDelegate.swift */ = {isa = PBXFileReference; lastKnownFileType = sourcecode.swift; path = AppDelegate.swift; sourceTree = "<group>"; };
		BCE78FB41E69130B00491348 /* ViewController.swift */ = {isa = PBXFileReference; lastKnownFileType = sourcecode.swift; path = ViewController.swift; sourceTree = "<group>"; };
		BCE78FB71E69130B00491348 /* Base */ = {isa = PBXFileReference; lastKnownFileType = file.storyboard; name = Base; path = Base.lproj/Main.storyboard; sourceTree = "<group>"; };
		BCE78FBA1E69130B00491348 /* Core_Data.xcdatamodel */ = {isa = PBXFileReference; lastKnownFileType = wrapper.xcdatamodel; path = Core_Data.xcdatamodel; sourceTree = "<group>"; };
		BCE78FBC1E69130B00491348 /* Assets.xcassets */ = {isa = PBXFileReference; lastKnownFileType = folder.assetcatalog; path = Assets.xcassets; sourceTree = "<group>"; };
		BCE78FBF1E69130B00491348 /* Base */ = {isa = PBXFileReference; lastKnownFileType = file.storyboard; name = Base; path = Base.lproj/LaunchScreen.storyboard; sourceTree = "<group>"; };
		BCE78FC11E69130B00491348 /* Info.plist */ = {isa = PBXFileReference; lastKnownFileType = text.plist.xml; path = Info.plist; sourceTree = "<group>"; };
		BCE78FC71E691DFC00491348 /* TableViewController.swift */ = {isa = PBXFileReference; fileEncoding = 4; lastKnownFileType = sourcecode.swift; path = TableViewController.swift; sourceTree = "<group>"; };
		BCE78FC91E69238D00491348 /* TableViewCell.swift */ = {isa = PBXFileReference; fileEncoding = 4; lastKnownFileType = sourcecode.swift; path = TableViewCell.swift; sourceTree = "<group>"; };
/* End PBXFileReference section */

/* Begin PBXFrameworksBuildPhase section */
		BCE78FAC1E69130B00491348 /* Frameworks */ = {
			isa = PBXFrameworksBuildPhase;
			buildActionMask = 2147483647;
			files = (
			);
			runOnlyForDeploymentPostprocessing = 0;
		};
/* End PBXFrameworksBuildPhase section */

/* Begin PBXGroup section */
		BCE78FA61E69130B00491348 = {
			isa = PBXGroup;
			children = (
				BCE78FB11E69130B00491348 /* Core Data */,
				BCE78FB01E69130B00491348 /* Products */,
			);
			sourceTree = "<group>";
		};
		BCE78FB01E69130B00491348 /* Products */ = {
			isa = PBXGroup;
			children = (
				BCE78FAF1E69130B00491348 /* Core Data.app */,
			);
			name = Products;
			sourceTree = "<group>";
		};
		BCE78FB11E69130B00491348 /* Core Data */ = {
			isa = PBXGroup;
			children = (
				BCE78FB21E69130B00491348 /* AppDelegate.swift */,
				BCE78FC71E691DFC00491348 /* TableViewController.swift */,
				BCE78FC91E69238D00491348 /* TableViewCell.swift */,
				BCE78FB41E69130B00491348 /* ViewController.swift */,
				BCE78FB61E69130B00491348 /* Main.storyboard */,
				BCE78FBC1E69130B00491348 /* Assets.xcassets */,
				BCE78FBE1E69130B00491348 /* LaunchScreen.storyboard */,
				BCE78FC11E69130B00491348 /* Info.plist */,
				BCE78FB91E69130B00491348 /* Core_Data.xcdatamodeld */,
			);
			path = "Core Data";
			sourceTree = "<group>";
		};
/* End PBXGroup section */

/* Begin PBXNativeTarget section */
		BCE78FAE1E69130B00491348 /* Core Data */ = {
			isa = PBXNativeTarget;
			buildConfigurationList = BCE78FC41E69130B00491348 /* Build configuration list for PBXNativeTarget "Core Data" */;
			buildPhases = (
				BCE78FAB1E69130B00491348 /* Sources */,
				BCE78FAC1E69130B00491348 /* Frameworks */,
				BCE78FAD1E69130B00491348 /* Resources */,
			);
			buildRules = (
			);
			dependencies = (
			);
			name = "Core Data";
			productName = "Core Data";
			productReference = BCE78FAF1E69130B00491348 /* Core Data.app */;
			productType = "com.apple.product-type.application";
		};
/* End PBXNativeTarget section */

/* Begin PBXProject section */
		BCE78FA71E69130B00491348 /* Project object */ = {
			isa = PBXProject;
			attributes = {
				LastSwiftUpdateCheck = 0820;
				LastUpgradeCheck = 0820;
				ORGANIZATIONNAME = "Silicon Orchard Ltd";
				TargetAttributes = {
					BCE78FAE1E69130B00491348 = {
						CreatedOnToolsVersion = 8.2.1;
						ProvisioningStyle = Automatic;
					};
				};
			};
			buildConfigurationList = BCE78FAA1E69130B00491348 /* Build configuration list for PBXProject "Core Data" */;
			compatibilityVersion = "Xcode 3.2";
			developmentRegion = English;
			hasScannedForEncodings = 0;
			knownRegions = (
				en,
				Base,
			);
			mainGroup = BCE78FA61E69130B00491348;
			productRefGroup = BCE78FB01E69130B00491348 /* Products */;
			projectDirPath = "";
			projectRoot = "";
			targets = (
				BCE78FAE1E69130B00491348 /* Core Data */,
			);
		};
/* End PBXProject section */

/* Begin PBXResourcesBuildPhase section */
		BCE78FAD1E69130B00491348 /* Resources */ = {
			isa = PBXResourcesBuildPhase;
			buildActionMask = 2147483647;
			files = (
				BCE78FC01E69130B00491348 /* LaunchScreen.storyboard in Resources */,
				BCE78FBD1E69130B00491348 /* Assets.xcassets in Resources */,
				BCE78FB81E69130B00491348 /* Main.storyboard in Resources */,
			);
			runOnlyForDeploymentPostprocessing = 0;
		};
/* End PBXResourcesBuildPhase section */

/* Begin PBXSourcesBuildPhase section */
		BCE78FAB1E69130B00491348 /* Sources */ = {
			isa = PBXSourcesBuildPhase;
			buildActionMask = 2147483647;
			files = (
				BCE78FCA1E69238D00491348 /* TableViewCell.swift in Sources */,
				BCE78FB51E69130B00491348 /* ViewController.swift in Sources */,
				BCE78FB31E69130B00491348 /* AppDelegate.swift in Sources */,
				BCE78FBB1E69130B00491348 /* Core_Data.xcdatamodeld in Sources */,
				BCE78FC81E691DFC00491348 /* TableViewController.swift in Sources */,
			);
			runOnlyForDeploymentPostprocessing = 0;
		};
/* End PBXSourcesBuildPhase section */

/* Begin PBXVariantGroup section */
		BCE78FB61E69130B00491348 /* Main.storyboard */ = {
			isa = PBXVariantGroup;
			children = (
				BCE78FB71E69130B00491348 /* Base */,
			);
			name = Main.storyboard;
			sourceTree = "<group>";
		};
		BCE78FBE1E69130B00491348 /* LaunchScreen.storyboard */ = {
			isa = PBXVariantGroup;
			children = (
				BCE78FBF1E69130B00491348 /* Base */,
			);
			name = LaunchScreen.storyboard;
			sourceTree = "<group>";
		};
/* End PBXVariantGroup section */

/* Begin XCBuildConfiguration section */
		BCE78FC21E69130B00491348 /* Debug */ = {
			isa = XCBuildConfiguration;
			buildSettings = {
				ALWAYS_SEARCH_USER_PATHS = NO;
				CLANG_ANALYZER_NONNULL = YES;
				CLANG_CXX_LANGUAGE_STANDARD = "gnu++0x";
				CLANG_CXX_LIBRARY = "libc++";
				CLANG_ENABLE_MODULES = YES;
				CLANG_ENABLE_OBJC_ARC = YES;
				CLANG_WARN_BOOL_CONVERSION = YES;
				CLANG_WARN_CONSTANT_CONVERSION = YES;
				CLANG_WARN_DIRECT_OBJC_ISA_USAGE = YES_ERROR;
				CLANG_WARN_DOCUMENTATION_COMMENTS = YES;
				CLANG_WARN_EMPTY_BODY = YES;
				CLANG_WARN_ENUM_CONVERSION = YES;
				CLANG_WARN_INFINITE_RECURSION = YES;
				CLANG_WARN_INT_CONVERSION = YES;
				CLANG_WARN_OBJC_ROOT_CLASS = YES_ERROR;
				CLANG_WARN_SUSPICIOUS_MOVE = YES;
				CLANG_WARN_UNREACHABLE_CODE = YES;
				CLANG_WARN__DUPLICATE_METHOD_MATCH = YES;
				"CODE_SIGN_IDENTITY[sdk=iphoneos*]" = "iPhone Developer";
				COPY_PHASE_STRIP = NO;
				DEBUG_INFORMATION_FORMAT = dwarf;
				ENABLE_STRICT_OBJC_MSGSEND = YES;
				ENABLE_TESTABILITY = YES;
				GCC_C_LANGUAGE_STANDARD = gnu99;
				GCC_DYNAMIC_NO_PIC = NO;
				GCC_NO_COMMON_BLOCKS = YES;
				GCC_OPTIMIZATION_LEVEL = 0;
				GCC_PREPROCESSOR_DEFINITIONS = (
					"DEBUG=1",
					"$(inherited)",
				);
				GCC_WARN_64_TO_32_BIT_CONVERSION = YES;
				GCC_WARN_ABOUT_RETURN_TYPE = YES_ERROR;
				GCC_WARN_UNDECLARED_SELECTOR = YES;
				GCC_WARN_UNINITIALIZED_AUTOS = YES_AGGRESSIVE;
				GCC_WARN_UNUSED_FUNCTION = YES;
				GCC_WARN_UNUSED_VARIABLE = YES;
				IPHONEOS_DEPLOYMENT_TARGET = 10.2;
				MTL_ENABLE_DEBUG_INFO = YES;
				ONLY_ACTIVE_ARCH = YES;
				SDKROOT = iphoneos;
				SWIFT_ACTIVE_COMPILATION_CONDITIONS = DEBUG;
				SWIFT_OPTIMIZATION_LEVEL = "-Onone";
				TARGETED_DEVICE_FAMILY = "1,2";
			};
			name = Debug;
		};
		BCE78FC31E69130B00491348 /* Release */ = {
			isa = XCBuildConfiguration;
			buildSettings = {
				ALWAYS_SEARCH_USER_PATHS = NO;
				CLANG_ANALYZER_NONNULL = YES;
				CLANG_CXX_LANGUAGE_STANDARD = "gnu++0x";
				CLANG_CXX_LIBRARY = "libc++";
				CLANG_ENABLE_MODULES = YES;
				CLANG_ENABLE_OBJC_ARC = YES;
				CLANG_WARN_BOOL_CONVERSION = YES;
				CLANG_WARN_CONSTANT_CONVERSION = YES;
				CLANG_WARN_DIRECT_OBJC_ISA_USAGE = YES_ERROR;
				CLANG_WARN_DOCUMENTATION_COMMENTS = YES;
				CLANG_WARN_EMPTY_BODY = YES;
				CLANG_WARN_ENUM_CONVERSION = YES;
				CLANG_WARN_INFINITE_RECURSION = YES;
				CLANG_WARN_INT_CONVERSION = YES;
				CLANG_WARN_OBJC_ROOT_CLASS = YES_ERROR;
				CLANG_WARN_SUSPICIOUS_MOVE = YES;
				CLANG_WARN_UNREACHABLE_CODE = YES;
				CLANG_WARN__DUPLICATE_METHOD_MATCH = YES;
				"CODE_SIGN_IDENTITY[sdk=iphoneos*]" = "iPhone Developer";
				COPY_PHASE_STRIP = NO;
				DEBUG_INFORMATION_FORMAT = "dwarf-with-dsym";
				ENABLE_NS_ASSERTIONS = NO;
				ENABLE_STRICT_OBJC_MSGSEND = YES;
				GCC_C_LANGUAGE_STANDARD = gnu99;
				GCC_NO_COMMON_BLOCKS = YES;
				GCC_WARN_64_TO_32_BIT_CONVERSION = YES;
				GCC_WARN_ABOUT_RETURN_TYPE = YES_ERROR;
				GCC_WARN_UNDECLARED_SELECTOR = YES;
				GCC_WARN_UNINITIALIZED_AUTOS = YES_AGGRESSIVE;
				GCC_WARN_UNUSED_FUNCTION = YES;
				GCC_WARN_UNUSED_VARIABLE = YES;
				IPHONEOS_DEPLOYMENT_TARGET = 10.2;
				MTL_ENABLE_DEBUG_INFO = NO;
				SDKROOT = iphoneos;
				SWIFT_OPTIMIZATION_LEVEL = "-Owholemodule";
				TARGETED_DEVICE_FAMILY = "1,2";
				VALIDATE_PRODUCT = YES;
			};
			name = Release;
		};
		BCE78FC51E69130B00491348 /* Debug */ = {
			isa = XCBuildConfiguration;
			buildSettings = {
				ASSETCATALOG_COMPILER_APPICON_NAME = AppIcon;
				INFOPLIST_FILE = "Core Data/Info.plist";
				LD_RUNPATH_SEARCH_PATHS = "$(inherited) @executable_path/Frameworks";
				PRODUCT_BUNDLE_IDENTIFIER = "com.siliconorchard.Core-Data";
				PRODUCT_NAME = "$(TARGET_NAME)";
				SWIFT_VERSION = 3.0;
			};
			name = Debug;
		};
		BCE78FC61E69130B00491348 /* Release */ = {
			isa = XCBuildConfiguration;
			buildSettings = {
				ASSETCATALOG_COMPILER_APPICON_NAME = AppIcon;
				INFOPLIST_FILE = "Core Data/Info.plist";
				LD_RUNPATH_SEARCH_PATHS = "$(inherited) @executable_path/Frameworks";
				PRODUCT_BUNDLE_IDENTIFIER = "com.siliconorchard.Core-Data";
				PRODUCT_NAME = "$(TARGET_NAME)";
				SWIFT_VERSION = 3.0;
			};
			name = Release;
		};
/* End XCBuildConfiguration section */

/* Begin XCConfigurationList section */
		BCE78FAA1E69130B00491348 /* Build configuration list for PBXProject "Core Data" */ = {
			isa = XCConfigurationList;
			buildConfigurations = (
				BCE78FC21E69130B00491348 /* Debug */,
				BCE78FC31E69130B00491348 /* Release */,
			);
			defaultConfigurationIsVisible = 0;
			defaultConfigurationName = Release;
		};
		BCE78FC41E69130B00491348 /* Build configuration list for PBXNativeTarget "Core Data" */ = {
			isa = XCConfigurationList;
			buildConfigurations = (
				BCE78FC51E69130B00491348 /* Debug */,
				BCE78FC61E69130B00491348 /* Release */,
			);
			defaultConfigurationIsVisible = 0;
		};
/* End XCConfigurationList section */

/* Begin XCVersionGroup section */
		BCE78FB91E69130B00491348 /* Core_Data.xcdatamodeld */ = {
			isa = XCVersionGroup;
			children = (
				BCE78FBA1E69130B00491348 /* Core_Data.xcdatamodel */,
			);
			currentVersion = BCE78FBA1E69130B00491348 /* Core_Data.xcdatamodel */;
			path = Core_Data.xcdatamodeld;
			sourceTree = "<group>";
			versionGroupType = wrapper.xcdatamodel;
		};
/* End XCVersionGroup section */
	};
	rootObject = BCE78FA71E69130B00491348 /* Project object */;
}
